
Microsoft Visual Studio Solution File, Format Version 12.00
# Visual Studio Version 16
VisualStudioVersion = 16.0.31205.134
MinimumVisualStudioVersion = 10.0.40219.1
Project("{FAE04EC0-301F-11D3-BF4B-00C04F79EFBC}") = "RoleManagement", "RoleManagement\RoleManagement.csproj", "{DCD66AF3-26E3-4C9C-A23E-7E9AF77A05C8}"
EndProject
Global
	GlobalSection(SolutionConfigurationPlatforms) = preSolution
		Debug|Any CPU = Debug|Any CPU
		Release|Any CPU = Release|Any CPU
	EndGlobalSection
	GlobalSection(ProjectConfigurationPlatforms) = postSolution
		{DCD66AF3-26E3-4C9C-A23E-7E9AF77A05C8}.Debug|Any CPU.ActiveCfg = Debug|Any CPU
		{DCD66AF3-26E3-4C9C-A23E-7E9AF77A05C8}.Debug|Any CPU.Build.0 = Debug|Any CPU
		{DCD66AF3-26E3-4C9C-A23E-7E9AF77A05C8}.Release|Any CPU.ActiveCfg = Release|Any CPU
		{DCD66AF3-26E3-4C9C-A23E-7E9AF77A05C8}.Release|Any CPU.Build.0 = Release|Any CPU
	EndGlobalSection
	GlobalSection(SolutionProperties) = preSolution
		HideSolutionNode = FALSE
	EndGlobalSection
	GlobalSection(ExtensibilityGlobals) = postSolution
		SolutionGuid = {0551C8F6-C7AF-4053-8C17-FBA7076C6F29}
	EndGlobalSection
EndGlobal
